// !$*UTF8*$!
{
	archiveVersion = 1;
	classes = {
	};
	objectVersion = 50;
	objects = {

/* Begin PBXBuildFile section */
		3A1280A124902F2500D55B82 /* SettingsTriggerView.swift in Sources */ = {isa = PBXBuildFile; fileRef = 3A1280A024902F2500D55B82 /* SettingsTriggerView.swift */; };
		3A1CE6D22424115D0050A396 /* RunningView.swift in Sources */ = {isa = PBXBuildFile; fileRef = 3A1CE6D12424115D0050A396 /* RunningView.swift */; };
		3A2675022493772200D197AC /* RunningIndicatorView.swift in Sources */ = {isa = PBXBuildFile; fileRef = 3A2675012493772200D197AC /* RunningIndicatorView.swift */; };
		3A2675042493787600D197AC /* TicksView.swift in Sources */ = {isa = PBXBuildFile; fileRef = 3A2675032493787600D197AC /* TicksView.swift */; };
		3A2DAFE524516FDB00F28608 /* SettingsView.swift in Sources */ = {isa = PBXBuildFile; fileRef = 3A2DAFE424516FDB00F28608 /* SettingsView.swift */; };
		3A37B85C249A9C930047CDF8 /* PulsateView.swift in Sources */ = {isa = PBXBuildFile; fileRef = 3A37B85B249A9C930047CDF8 /* PulsateView.swift */; };
		3A37B85E249A9D8A0047CDF8 /* PulsateMultipleView.swift in Sources */ = {isa = PBXBuildFile; fileRef = 3A37B85D249A9D8A0047CDF8 /* PulsateMultipleView.swift */; };
		3A37B860249A9DF30047CDF8 /* PulsateAnimationView.swift in Sources */ = {isa = PBXBuildFile; fileRef = 3A37B85F249A9DF30047CDF8 /* PulsateAnimationView.swift */; };
		3A37B862249AA8670047CDF8 /* ScanningView.swift in Sources */ = {isa = PBXBuildFile; fileRef = 3A37B861249AA8670047CDF8 /* ScanningView.swift */; };
		3A37B881249C00DC0047CDF8 /* Soft@2x.png in Resources */ = {isa = PBXBuildFile; fileRef = 3A37B877249C00DB0047CDF8 /* Soft@2x.png */; };
		3A37B882249C00DC0047CDF8 /* VerySoft@2x.png in Resources */ = {isa = PBXBuildFile; fileRef = 3A37B878249C00DB0047CDF8 /* VerySoft@2x.png */; };
		3A37B883249C00DC0047CDF8 /* Hard@3x.png in Resources */ = {isa = PBXBuildFile; fileRef = 3A37B879249C00DB0047CDF8 /* Hard@3x.png */; };
		3A37B885249C00DC0047CDF8 /* Medium@3x.png in Resources */ = {isa = PBXBuildFile; fileRef = 3A37B87B249C00DB0047CDF8 /* Medium@3x.png */; };
		3A37B886249C00DC0047CDF8 /* Soft@3x.png in Resources */ = {isa = PBXBuildFile; fileRef = 3A37B87C249C00DB0047CDF8 /* Soft@3x.png */; };
		3A37B887249C00DC0047CDF8 /* Hard@2x.png in Resources */ = {isa = PBXBuildFile; fileRef = 3A37B87D249C00DB0047CDF8 /* Hard@2x.png */; };
		3A37B888249C00DC0047CDF8 /* Medium@2x.png in Resources */ = {isa = PBXBuildFile; fileRef = 3A37B87E249C00DC0047CDF8 /* Medium@2x.png */; };
		3A37B88A249C00DC0047CDF8 /* VerySoft@3x.png in Resources */ = {isa = PBXBuildFile; fileRef = 3A37B880249C00DC0047CDF8 /* VerySoft@3x.png */; };
		3A3F8FB8244DB13D00304489 /* UI_Confirm.mp3 in Resources */ = {isa = PBXBuildFile; fileRef = 3A3F8FB7244DB13D00304489 /* UI_Confirm.mp3 */; };
		3A3F8FBA244DD5F700304489 /* Music.mp3 in Resources */ = {isa = PBXBuildFile; fileRef = 3A3F8FB9244DD5F700304489 /* Music.mp3 */; };
		3A5A3E852420180100190CFE /* AppDelegate.swift in Sources */ = {isa = PBXBuildFile; fileRef = 3A5A3E842420180100190CFE /* AppDelegate.swift */; };
		3A5A3E872420180100190CFE /* SceneDelegate.swift in Sources */ = {isa = PBXBuildFile; fileRef = 3A5A3E862420180100190CFE /* SceneDelegate.swift */; };
		3A5A3E892420180100190CFE /* ContentView.swift in Sources */ = {isa = PBXBuildFile; fileRef = 3A5A3E882420180100190CFE /* ContentView.swift */; };
		3A5A3E8B2420180500190CFE /* Assets.xcassets in Resources */ = {isa = PBXBuildFile; fileRef = 3A5A3E8A2420180500190CFE /* Assets.xcassets */; };
		3A5A3E8E2420180500190CFE /* Preview Assets.xcassets in Resources */ = {isa = PBXBuildFile; fileRef = 3A5A3E8D2420180500190CFE /* Preview Assets.xcassets */; };
		3A5A3E912420180500190CFE /* LaunchScreen.storyboard in Resources */ = {isa = PBXBuildFile; fileRef = 3A5A3E8F2420180500190CFE /* LaunchScreen.storyboard */; };
		3A5A3E9C2420180500190CFE /* perfeggsTests.swift in Sources */ = {isa = PBXBuildFile; fileRef = 3A5A3E9B2420180500190CFE /* perfeggsTests.swift */; };
		3A7DC2A324444CAD0057874B /* SquareDot.swift in Sources */ = {isa = PBXBuildFile; fileRef = 3A7DC2A224444CAD0057874B /* SquareDot.swift */; };
		3A7FC283244CE89F000DA903 /* ArcView.swift in Sources */ = {isa = PBXBuildFile; fileRef = 3A7FC282244CE89F000DA903 /* ArcView.swift */; };
		3A805023245019E2001471F4 /* Audio.swift in Sources */ = {isa = PBXBuildFile; fileRef = 3A805022245019E2001471F4 /* Audio.swift */; };
		3A9C06EE24276FA800E7849F /* ProgressCircleView.swift in Sources */ = {isa = PBXBuildFile; fileRef = 3A9C06ED24276FA800E7849F /* ProgressCircleView.swift */; };
		3A9C06F024289A1A00E7849F /* alert01.m4a in Resources */ = {isa = PBXBuildFile; fileRef = 3A9C06EF24289A1A00E7849F /* alert01.m4a */; };
		3A9C06F224289A3600E7849F /* PlaySound.swift in Sources */ = {isa = PBXBuildFile; fileRef = 3A9C06F124289A3600E7849F /* PlaySound.swift */; };
		3AA89F722448322F001C6817 /* TitleView.swift in Sources */ = {isa = PBXBuildFile; fileRef = 3AA89F712448322F001C6817 /* TitleView.swift */; };
		3AB436E8244D79BD00460F0A /* BackgroundView.swift in Sources */ = {isa = PBXBuildFile; fileRef = 3AB436E7244D79BD00460F0A /* BackgroundView.swift */; };
		3AB436EA244D7AD300460F0A /* DotsView.swift in Sources */ = {isa = PBXBuildFile; fileRef = 3AB436E9244D7AD300460F0A /* DotsView.swift */; };
		3AB436EC244D7B0500460F0A /* GridStack.swift in Sources */ = {isa = PBXBuildFile; fileRef = 3AB436EB244D7B0500460F0A /* GridStack.swift */; };
		3ABC821D244F0A5800A1050C /* PreferenceUIHostingController.swift in Sources */ = {isa = PBXBuildFile; fileRef = 3ABC821C244F0A5800A1050C /* PreferenceUIHostingController.swift */; };
		3ABC821F244F26BB00A1050C /* Fanfare.mp3 in Resources */ = {isa = PBXBuildFile; fileRef = 3ABC821E244F26BB00A1050C /* Fanfare.mp3 */; };
		3ABC8221244F37CF00A1050C /* Red_Sun_Music_Loop.wav in Resources */ = {isa = PBXBuildFile; fileRef = 3ABC8220244F37CF00A1050C /* Red_Sun_Music_Loop.wav */; };
		3ABC8223244F96C100A1050C /* TextToSpeak.swift in Sources */ = {isa = PBXBuildFile; fileRef = 3ABC8222244F96C100A1050C /* TextToSpeak.swift */; };
		3ABC8226244F9FC900A1050C /* Kill_Enemy_4.mp3 in Resources */ = {isa = PBXBuildFile; fileRef = 3ABC8225244F9FC900A1050C /* Kill_Enemy_4.mp3 */; };
		3ABC822A244F9FDE00A1050C /* Kill_Enemy_6.mp3 in Resources */ = {isa = PBXBuildFile; fileRef = 3ABC8227244F9FDE00A1050C /* Kill_Enemy_6.mp3 */; };
		3ABC822B244F9FDE00A1050C /* Kill_Enemy_7.mp3 in Resources */ = {isa = PBXBuildFile; fileRef = 3ABC8228244F9FDE00A1050C /* Kill_Enemy_7.mp3 */; };
		3ABC822C244F9FDE00A1050C /* Kill_Enemy_5.mp3 in Resources */ = {isa = PBXBuildFile; fileRef = 3ABC8229244F9FDE00A1050C /* Kill_Enemy_5.mp3 */; };
		3ADF49E724240A34002C94BC /* IdleView.swift in Sources */ = {isa = PBXBuildFile; fileRef = 3ADF49E624240A34002C94BC /* IdleView.swift */; };
		3ADF49E924240C21002C94BC /* ViewState.swift in Sources */ = {isa = PBXBuildFile; fileRef = 3ADF49E824240C21002C94BC /* ViewState.swift */; };
		3ADF49EC24240F2F002C94BC /* ChooseView.swift in Sources */ = {isa = PBXBuildFile; fileRef = 3ADF49EB24240F2F002C94BC /* ChooseView.swift */; };
		3AE5107D2460B13D00C10CC8 /* Countdown.swift in Sources */ = {isa = PBXBuildFile; fileRef = 3AE5107C2460B13D00C10CC8 /* Countdown.swift */; };
		3AFDC101247F91B200AC2534 /* PlayButtonView.swift in Sources */ = {isa = PBXBuildFile; fileRef = 3AFDC100247F91B200AC2534 /* PlayButtonView.swift */; };
		3AFDC105247F920E00AC2534 /* StopButtonView.swift in Sources */ = {isa = PBXBuildFile; fileRef = 3AFDC104247F920E00AC2534 /* StopButtonView.swift */; };
		3AFDC1072480E9D700AC2534 /* SettingsStore.swift in Sources */ = {isa = PBXBuildFile; fileRef = 3AFDC1062480E9D700AC2534 /* SettingsStore.swift */; };
		3AFDC1092486800C00AC2534 /* ForceAnimationView.swift in Sources */ = {isa = PBXBuildFile; fileRef = 3AFDC1082486800B00AC2534 /* ForceAnimationView.swift */; };
		3AFDF0572421055F0021A009 /* EggsViewController.swift in Sources */ = {isa = PBXBuildFile; fileRef = 3AFDF0562421055F0021A009 /* EggsViewController.swift */; };
/* End PBXBuildFile section */

/* Begin PBXContainerItemProxy section */
		3A5A3E982420180500190CFE /* PBXContainerItemProxy */ = {
			isa = PBXContainerItemProxy;
			containerPortal = 3A5A3E792420180100190CFE /* Project object */;
			proxyType = 1;
			remoteGlobalIDString = 3A5A3E802420180100190CFE;
			remoteInfo = perfeggs;
		};
/* End PBXContainerItemProxy section */

/* Begin PBXFileReference section */
		3A1280A024902F2500D55B82 /* SettingsTriggerView.swift */ = {isa = PBXFileReference; lastKnownFileType = sourcecode.swift; path = SettingsTriggerView.swift; sourceTree = "<group>"; };
		3A1CE6D12424115D0050A396 /* RunningView.swift */ = {isa = PBXFileReference; lastKnownFileType = sourcecode.swift; path = RunningView.swift; sourceTree = "<group>"; };
		3A2675012493772200D197AC /* RunningIndicatorView.swift */ = {isa = PBXFileReference; lastKnownFileType = sourcecode.swift; path = RunningIndicatorView.swift; sourceTree = "<group>"; };
		3A2675032493787600D197AC /* TicksView.swift */ = {isa = PBXFileReference; lastKnownFileType = sourcecode.swift; path = TicksView.swift; sourceTree = "<group>"; };
		3A2DAFE424516FDB00F28608 /* SettingsView.swift */ = {isa = PBXFileReference; lastKnownFileType = sourcecode.swift; path = SettingsView.swift; sourceTree = "<group>"; };
		3A37B85B249A9C930047CDF8 /* PulsateView.swift */ = {isa = PBXFileReference; lastKnownFileType = sourcecode.swift; path = PulsateView.swift; sourceTree = "<group>"; };
		3A37B85D249A9D8A0047CDF8 /* PulsateMultipleView.swift */ = {isa = PBXFileReference; lastKnownFileType = sourcecode.swift; path = PulsateMultipleView.swift; sourceTree = "<group>"; };
		3A37B85F249A9DF30047CDF8 /* PulsateAnimationView.swift */ = {isa = PBXFileReference; lastKnownFileType = sourcecode.swift; path = PulsateAnimationView.swift; sourceTree = "<group>"; };
		3A37B861249AA8670047CDF8 /* ScanningView.swift */ = {isa = PBXFileReference; lastKnownFileType = sourcecode.swift; path = ScanningView.swift; sourceTree = "<group>"; };
		3A37B877249C00DB0047CDF8 /* Soft@2x.png */ = {isa = PBXFileReference; lastKnownFileType = image.png; path = "Soft@2x.png"; sourceTree = "<group>"; };
		3A37B878249C00DB0047CDF8 /* VerySoft@2x.png */ = {isa = PBXFileReference; lastKnownFileType = image.png; path = "VerySoft@2x.png"; sourceTree = "<group>"; };
		3A37B879249C00DB0047CDF8 /* Hard@3x.png */ = {isa = PBXFileReference; lastKnownFileType = image.png; path = "Hard@3x.png"; sourceTree = "<group>"; };
		3A37B87B249C00DB0047CDF8 /* Medium@3x.png */ = {isa = PBXFileReference; lastKnownFileType = image.png; path = "Medium@3x.png"; sourceTree = "<group>"; };
		3A37B87C249C00DB0047CDF8 /* Soft@3x.png */ = {isa = PBXFileReference; lastKnownFileType = image.png; path = "Soft@3x.png"; sourceTree = "<group>"; };
		3A37B87D249C00DB0047CDF8 /* Hard@2x.png */ = {isa = PBXFileReference; lastKnownFileType = image.png; path = "Hard@2x.png"; sourceTree = "<group>"; };
		3A37B87E249C00DC0047CDF8 /* Medium@2x.png */ = {isa = PBXFileReference; lastKnownFileType = image.png; path = "Medium@2x.png"; sourceTree = "<group>"; };
		3A37B880249C00DC0047CDF8 /* VerySoft@3x.png */ = {isa = PBXFileReference; lastKnownFileType = image.png; path = "VerySoft@3x.png"; sourceTree = "<group>"; };
		3A3F8FB7244DB13D00304489 /* UI_Confirm.mp3 */ = {isa = PBXFileReference; lastKnownFileType = audio.mp3; path = UI_Confirm.mp3; sourceTree = "<group>"; };
		3A3F8FB9244DD5F700304489 /* Music.mp3 */ = {isa = PBXFileReference; lastKnownFileType = audio.mp3; path = Music.mp3; sourceTree = "<group>"; };
		3A5A3E812420180100190CFE /* Perfeggs.app */ = {isa = PBXFileReference; explicitFileType = wrapper.application; includeInIndex = 0; path = Perfeggs.app; sourceTree = BUILT_PRODUCTS_DIR; };
		3A5A3E842420180100190CFE /* AppDelegate.swift */ = {isa = PBXFileReference; lastKnownFileType = sourcecode.swift; path = AppDelegate.swift; sourceTree = "<group>"; };
		3A5A3E862420180100190CFE /* SceneDelegate.swift */ = {isa = PBXFileReference; lastKnownFileType = sourcecode.swift; path = SceneDelegate.swift; sourceTree = "<group>"; };
		3A5A3E882420180100190CFE /* ContentView.swift */ = {isa = PBXFileReference; lastKnownFileType = sourcecode.swift; path = ContentView.swift; sourceTree = "<group>"; };
		3A5A3E8A2420180500190CFE /* Assets.xcassets */ = {isa = PBXFileReference; lastKnownFileType = folder.assetcatalog; path = Assets.xcassets; sourceTree = "<group>"; };
		3A5A3E8D2420180500190CFE /* Preview Assets.xcassets */ = {isa = PBXFileReference; lastKnownFileType = folder.assetcatalog; path = "Preview Assets.xcassets"; sourceTree = "<group>"; };
		3A5A3E902420180500190CFE /* Base */ = {isa = PBXFileReference; lastKnownFileType = file.storyboard; name = Base; path = Base.lproj/LaunchScreen.storyboard; sourceTree = "<group>"; };
		3A5A3E922420180500190CFE /* Info.plist */ = {isa = PBXFileReference; lastKnownFileType = text.plist.xml; path = Info.plist; sourceTree = "<group>"; };
		3A5A3E972420180500190CFE /* perfeggsTests.xctest */ = {isa = PBXFileReference; explicitFileType = wrapper.cfbundle; includeInIndex = 0; path = perfeggsTests.xctest; sourceTree = BUILT_PRODUCTS_DIR; };
		3A5A3E9B2420180500190CFE /* perfeggsTests.swift */ = {isa = PBXFileReference; lastKnownFileType = sourcecode.swift; path = perfeggsTests.swift; sourceTree = "<group>"; };
		3A5A3E9D2420180500190CFE /* Info.plist */ = {isa = PBXFileReference; lastKnownFileType = text.plist.xml; path = Info.plist; sourceTree = "<group>"; };
		3A7DC2A224444CAD0057874B /* SquareDot.swift */ = {isa = PBXFileReference; lastKnownFileType = sourcecode.swift; path = SquareDot.swift; sourceTree = "<group>"; };
		3A7FC282244CE89F000DA903 /* ArcView.swift */ = {isa = PBXFileReference; lastKnownFileType = sourcecode.swift; path = ArcView.swift; sourceTree = "<group>"; };
		3A805022245019E2001471F4 /* Audio.swift */ = {isa = PBXFileReference; lastKnownFileType = sourcecode.swift; path = Audio.swift; sourceTree = "<group>"; };
		3A9C06ED24276FA800E7849F /* ProgressCircleView.swift */ = {isa = PBXFileReference; lastKnownFileType = sourcecode.swift; path = ProgressCircleView.swift; sourceTree = "<group>"; };
		3A9C06EF24289A1A00E7849F /* alert01.m4a */ = {isa = PBXFileReference; lastKnownFileType = file; path = alert01.m4a; sourceTree = "<group>"; };
		3A9C06F124289A3600E7849F /* PlaySound.swift */ = {isa = PBXFileReference; lastKnownFileType = sourcecode.swift; path = PlaySound.swift; sourceTree = "<group>"; };
		3AA89F712448322F001C6817 /* TitleView.swift */ = {isa = PBXFileReference; lastKnownFileType = sourcecode.swift; path = TitleView.swift; sourceTree = "<group>"; };
		3AB436E7244D79BD00460F0A /* BackgroundView.swift */ = {isa = PBXFileReference; lastKnownFileType = sourcecode.swift; path = BackgroundView.swift; sourceTree = "<group>"; };
		3AB436E9244D7AD300460F0A /* DotsView.swift */ = {isa = PBXFileReference; lastKnownFileType = sourcecode.swift; path = DotsView.swift; sourceTree = "<group>"; };
		3AB436EB244D7B0500460F0A /* GridStack.swift */ = {isa = PBXFileReference; lastKnownFileType = sourcecode.swift; path = GridStack.swift; sourceTree = "<group>"; };
		3ABC821C244F0A5800A1050C /* PreferenceUIHostingController.swift */ = {isa = PBXFileReference; lastKnownFileType = sourcecode.swift; path = PreferenceUIHostingController.swift; sourceTree = "<group>"; };
		3ABC821E244F26BB00A1050C /* Fanfare.mp3 */ = {isa = PBXFileReference; lastKnownFileType = audio.mp3; path = Fanfare.mp3; sourceTree = "<group>"; };
		3ABC8220244F37CF00A1050C /* Red_Sun_Music_Loop.wav */ = {isa = PBXFileReference; lastKnownFileType = audio.wav; path = Red_Sun_Music_Loop.wav; sourceTree = "<group>"; };
		3ABC8222244F96C100A1050C /* TextToSpeak.swift */ = {isa = PBXFileReference; lastKnownFileType = sourcecode.swift; path = TextToSpeak.swift; sourceTree = "<group>"; };
		3ABC8225244F9FC900A1050C /* Kill_Enemy_4.mp3 */ = {isa = PBXFileReference; lastKnownFileType = audio.mp3; path = Kill_Enemy_4.mp3; sourceTree = "<group>"; };
		3ABC8227244F9FDE00A1050C /* Kill_Enemy_6.mp3 */ = {isa = PBXFileReference; lastKnownFileType = audio.mp3; path = Kill_Enemy_6.mp3; sourceTree = "<group>"; };
		3ABC8228244F9FDE00A1050C /* Kill_Enemy_7.mp3 */ = {isa = PBXFileReference; lastKnownFileType = audio.mp3; path = Kill_Enemy_7.mp3; sourceTree = "<group>"; };
		3ABC8229244F9FDE00A1050C /* Kill_Enemy_5.mp3 */ = {isa = PBXFileReference; lastKnownFileType = audio.mp3; path = Kill_Enemy_5.mp3; sourceTree = "<group>"; };
		3ADF49E624240A34002C94BC /* IdleView.swift */ = {isa = PBXFileReference; lastKnownFileType = sourcecode.swift; path = IdleView.swift; sourceTree = "<group>"; };
		3ADF49E824240C21002C94BC /* ViewState.swift */ = {isa = PBXFileReference; lastKnownFileType = sourcecode.swift; path = ViewState.swift; sourceTree = "<group>"; };
		3ADF49EB24240F2F002C94BC /* ChooseView.swift */ = {isa = PBXFileReference; lastKnownFileType = sourcecode.swift; path = ChooseView.swift; sourceTree = "<group>"; };
		3AE5107C2460B13D00C10CC8 /* Countdown.swift */ = {isa = PBXFileReference; lastKnownFileType = sourcecode.swift; path = Countdown.swift; sourceTree = "<group>"; };
		3AFDC100247F91B200AC2534 /* PlayButtonView.swift */ = {isa = PBXFileReference; lastKnownFileType = sourcecode.swift; path = PlayButtonView.swift; sourceTree = "<group>"; };
		3AFDC104247F920E00AC2534 /* StopButtonView.swift */ = {isa = PBXFileReference; lastKnownFileType = sourcecode.swift; path = StopButtonView.swift; sourceTree = "<group>"; };
		3AFDC1062480E9D700AC2534 /* SettingsStore.swift */ = {isa = PBXFileReference; lastKnownFileType = sourcecode.swift; path = SettingsStore.swift; sourceTree = "<group>"; };
		3AFDC1082486800B00AC2534 /* ForceAnimationView.swift */ = {isa = PBXFileReference; lastKnownFileType = sourcecode.swift; path = ForceAnimationView.swift; sourceTree = "<group>"; };
		3AFDF0562421055F0021A009 /* EggsViewController.swift */ = {isa = PBXFileReference; lastKnownFileType = sourcecode.swift; path = EggsViewController.swift; sourceTree = "<group>"; };
/* End PBXFileReference section */

/* Begin PBXFrameworksBuildPhase section */
		3A5A3E7E2420180100190CFE /* Frameworks */ = {
			isa = PBXFrameworksBuildPhase;
			buildActionMask = 2147483647;
			files = (
			);
			runOnlyForDeploymentPostprocessing = 0;
		};
		3A5A3E942420180500190CFE /* Frameworks */ = {
			isa = PBXFrameworksBuildPhase;
			buildActionMask = 2147483647;
			files = (
			);
			runOnlyForDeploymentPostprocessing = 0;
		};
/* End PBXFrameworksBuildPhase section */

/* Begin PBXGroup section */
		3A2675002493762600D197AC /* Stores */ = {
			isa = PBXGroup;
			children = (
				3AE5107C2460B13D00C10CC8 /* Countdown.swift */,
			);
			path = Stores;
			sourceTree = "<group>";
		};
		3A54BE67245242C600E61807 /* Settings */ = {
			isa = PBXGroup;
			children = (
				3A2DAFE424516FDB00F28608 /* SettingsView.swift */,
				3AFDC1062480E9D700AC2534 /* SettingsStore.swift */,
				3A1280A024902F2500D55B82 /* SettingsTriggerView.swift */,
			);
			path = Settings;
			sourceTree = "<group>";
		};
		3A5A3E782420180100190CFE = {
			isa = PBXGroup;
			children = (
				3A5A3E832420180100190CFE /* perfeggs */,
				3A5A3E9A2420180500190CFE /* perfeggsTests */,
				3A5A3E822420180100190CFE /* Products */,
			);
			sourceTree = "<group>";
		};
		3A5A3E822420180100190CFE /* Products */ = {
			isa = PBXGroup;
			children = (
				3A5A3E812420180100190CFE /* Perfeggs.app */,
				3A5A3E972420180500190CFE /* perfeggsTests.xctest */,
			);
			name = Products;
			sourceTree = "<group>";
		};
		3A5A3E832420180100190CFE /* perfeggs */ = {
			isa = PBXGroup;
			children = (
				3A5A3E842420180100190CFE /* AppDelegate.swift */,
				3A5A3E862420180100190CFE /* SceneDelegate.swift */,
				3A9904EC24916170007DE9CC /* AlternateAppIcons */,
				3ADF49C3242404C0002C94BC /* View */,
				3ADF49C2242404B4002C94BC /* Model */,
				3ABAA32F2426D37400125EB9 /* Sounds */,
				3ABC8224244F994F00A1050C /* Helpers */,
				3A5A3E8A2420180500190CFE /* Assets.xcassets */,
				3A5A3E8F2420180500190CFE /* LaunchScreen.storyboard */,
				3A5A3E922420180500190CFE /* Info.plist */,
				3A5A3E8C2420180500190CFE /* Preview Content */,
			);
			path = perfeggs;
			sourceTree = "<group>";
		};
		3A5A3E8C2420180500190CFE /* Preview Content */ = {
			isa = PBXGroup;
			children = (
				3A5A3E8D2420180500190CFE /* Preview Assets.xcassets */,
			);
			path = "Preview Content";
			sourceTree = "<group>";
		};
		3A5A3E9A2420180500190CFE /* perfeggsTests */ = {
			isa = PBXGroup;
			children = (
				3A5A3E9B2420180500190CFE /* perfeggsTests.swift */,
				3A5A3E9D2420180500190CFE /* Info.plist */,
			);
			path = perfeggsTests;
			sourceTree = "<group>";
		};
		3A9904EC24916170007DE9CC /* AlternateAppIcons */ = {
			isa = PBXGroup;
			children = (
				3A37B87D249C00DB0047CDF8 /* Hard@2x.png */,
				3A37B879249C00DB0047CDF8 /* Hard@3x.png */,
				3A37B87E249C00DC0047CDF8 /* Medium@2x.png */,
				3A37B87B249C00DB0047CDF8 /* Medium@3x.png */,
				3A37B877249C00DB0047CDF8 /* Soft@2x.png */,
				3A37B87C249C00DB0047CDF8 /* Soft@3x.png */,
				3A37B878249C00DB0047CDF8 /* VerySoft@2x.png */,
				3A37B880249C00DC0047CDF8 /* VerySoft@3x.png */,
			);
			path = AlternateAppIcons;
			sourceTree = "<group>";
		};
		3ABAA32F2426D37400125EB9 /* Sounds */ = {
			isa = PBXGroup;
			children = (
				3ABC8225244F9FC900A1050C /* Kill_Enemy_4.mp3 */,
				3ABC8229244F9FDE00A1050C /* Kill_Enemy_5.mp3 */,
				3ABC8227244F9FDE00A1050C /* Kill_Enemy_6.mp3 */,
				3ABC8228244F9FDE00A1050C /* Kill_Enemy_7.mp3 */,
				3ABC8220244F37CF00A1050C /* Red_Sun_Music_Loop.wav */,
				3ABC821E244F26BB00A1050C /* Fanfare.mp3 */,
				3A3F8FB9244DD5F700304489 /* Music.mp3 */,
				3A3F8FB7244DB13D00304489 /* UI_Confirm.mp3 */,
				3A9C06EF24289A1A00E7849F /* alert01.m4a */,
				3A9C06F124289A3600E7849F /* PlaySound.swift */,
			);
			path = Sounds;
			sourceTree = "<group>";
		};
		3ABC8224244F994F00A1050C /* Helpers */ = {
			isa = PBXGroup;
			children = (
				3ABC8222244F96C100A1050C /* TextToSpeak.swift */,
				3A805022245019E2001471F4 /* Audio.swift */,
			);
			path = Helpers;
			sourceTree = "<group>";
		};
		3AC61D03244D7CF200D2042A /* Graphics */ = {
			isa = PBXGroup;
			children = (
				3AA89F712448322F001C6817 /* TitleView.swift */,
				3A9C06ED24276FA800E7849F /* ProgressCircleView.swift */,
				3AB436EB244D7B0500460F0A /* GridStack.swift */,
				3AB436E7244D79BD00460F0A /* BackgroundView.swift */,
				3A7DC2A224444CAD0057874B /* SquareDot.swift */,
				3A7FC282244CE89F000DA903 /* ArcView.swift */,
				3AB436E9244D7AD300460F0A /* DotsView.swift */,
				3AFDC100247F91B200AC2534 /* PlayButtonView.swift */,
				3AFDC104247F920E00AC2534 /* StopButtonView.swift */,
				3AFDC1082486800B00AC2534 /* ForceAnimationView.swift */,
				3A2675012493772200D197AC /* RunningIndicatorView.swift */,
				3A2675032493787600D197AC /* TicksView.swift */,
				3A37B85B249A9C930047CDF8 /* PulsateView.swift */,
				3A37B85D249A9D8A0047CDF8 /* PulsateMultipleView.swift */,
				3A37B85F249A9DF30047CDF8 /* PulsateAnimationView.swift */,
				3A37B861249AA8670047CDF8 /* ScanningView.swift */,
			);
			path = Graphics;
			sourceTree = "<group>";
		};
		3ADF49C2242404B4002C94BC /* Model */ = {
			isa = PBXGroup;
			children = (
				3ADF49E824240C21002C94BC /* ViewState.swift */,
			);
			path = Model;
			sourceTree = "<group>";
		};
		3ADF49C3242404C0002C94BC /* View */ = {
			isa = PBXGroup;
			children = (
				3ADF49EA24240EE8002C94BC /* UIKit */,
				3AC61D03244D7CF200D2042A /* Graphics */,
				3A54BE67245242C600E61807 /* Settings */,
				3A2675002493762600D197AC /* Stores */,
				3A5A3E882420180100190CFE /* ContentView.swift */,
				3ADF49E624240A34002C94BC /* IdleView.swift */,
				3ADF49EB24240F2F002C94BC /* ChooseView.swift */,
				3A1CE6D12424115D0050A396 /* RunningView.swift */,
			);
			path = View;
			sourceTree = "<group>";
		};
		3ADF49EA24240EE8002C94BC /* UIKit */ = {
			isa = PBXGroup;
			children = (
				3AFDF0562421055F0021A009 /* EggsViewController.swift */,
				3ABC821C244F0A5800A1050C /* PreferenceUIHostingController.swift */,
			);
			path = UIKit;
			sourceTree = "<group>";
		};
/* End PBXGroup section */

/* Begin PBXNativeTarget section */
		3A5A3E802420180100190CFE /* perfeggs */ = {
			isa = PBXNativeTarget;
			buildConfigurationList = 3A5A3EA02420180500190CFE /* Build configuration list for PBXNativeTarget "perfeggs" */;
			buildPhases = (
				3A5A3E7D2420180100190CFE /* Sources */,
				3A5A3E7E2420180100190CFE /* Frameworks */,
				3A5A3E7F2420180100190CFE /* Resources */,
			);
			buildRules = (
			);
			dependencies = (
			);
			name = perfeggs;
			productName = perfeggs;
			productReference = 3A5A3E812420180100190CFE /* Perfeggs.app */;
			productType = "com.apple.product-type.application";
		};
		3A5A3E962420180500190CFE /* perfeggsTests */ = {
			isa = PBXNativeTarget;
			buildConfigurationList = 3A5A3EA32420180500190CFE /* Build configuration list for PBXNativeTarget "perfeggsTests" */;
			buildPhases = (
				3A5A3E932420180500190CFE /* Sources */,
				3A5A3E942420180500190CFE /* Frameworks */,
				3A5A3E952420180500190CFE /* Resources */,
			);
			buildRules = (
			);
			dependencies = (
				3A5A3E992420180500190CFE /* PBXTargetDependency */,
			);
			name = perfeggsTests;
			productName = perfeggsTests;
			productReference = 3A5A3E972420180500190CFE /* perfeggsTests.xctest */;
			productType = "com.apple.product-type.bundle.unit-test";
		};
/* End PBXNativeTarget section */

/* Begin PBXProject section */
		3A5A3E792420180100190CFE /* Project object */ = {
			isa = PBXProject;
			attributes = {
				LastSwiftUpdateCheck = 1130;
				LastUpgradeCheck = 1130;
				ORGANIZATIONNAME = "Martin Bjeld";
				TargetAttributes = {
					3A5A3E802420180100190CFE = {
						CreatedOnToolsVersion = 11.3.1;
					};
					3A5A3E962420180500190CFE = {
						CreatedOnToolsVersion = 11.3.1;
						TestTargetID = 3A5A3E802420180100190CFE;
					};
				};
			};
			buildConfigurationList = 3A5A3E7C2420180100190CFE /* Build configuration list for PBXProject "perfeggs" */;
			compatibilityVersion = "Xcode 9.3";
			developmentRegion = en;
			hasScannedForEncodings = 0;
			knownRegions = (
				en,
				Base,
			);
			mainGroup = 3A5A3E782420180100190CFE;
			productRefGroup = 3A5A3E822420180100190CFE /* Products */;
			projectDirPath = "";
			projectRoot = "";
			targets = (
				3A5A3E802420180100190CFE /* perfeggs */,
				3A5A3E962420180500190CFE /* perfeggsTests */,
			);
		};
/* End PBXProject section */

/* Begin PBXResourcesBuildPhase section */
		3A5A3E7F2420180100190CFE /* Resources */ = {
			isa = PBXResourcesBuildPhase;
			buildActionMask = 2147483647;
			files = (
				3A37B88A249C00DC0047CDF8 /* VerySoft@3x.png in Resources */,
				3ABC821F244F26BB00A1050C /* Fanfare.mp3 in Resources */,
				3A37B887249C00DC0047CDF8 /* Hard@2x.png in Resources */,
				3A37B883249C00DC0047CDF8 /* Hard@3x.png in Resources */,
				3A3F8FBA244DD5F700304489 /* Music.mp3 in Resources */,
				3A37B882249C00DC0047CDF8 /* VerySoft@2x.png in Resources */,
				3ABC822A244F9FDE00A1050C /* Kill_Enemy_6.mp3 in Resources */,
				3ABC822C244F9FDE00A1050C /* Kill_Enemy_5.mp3 in Resources */,
				3ABC822B244F9FDE00A1050C /* Kill_Enemy_7.mp3 in Resources */,
				3A9C06F024289A1A00E7849F /* alert01.m4a in Resources */,
				3A37B886249C00DC0047CDF8 /* Soft@3x.png in Resources */,
				3A37B881249C00DC0047CDF8 /* Soft@2x.png in Resources */,
				3ABC8226244F9FC900A1050C /* Kill_Enemy_4.mp3 in Resources */,
				3ABC8221244F37CF00A1050C /* Red_Sun_Music_Loop.wav in Resources */,
				3A5A3E912420180500190CFE /* LaunchScreen.storyboard in Resources */,
				3A37B888249C00DC0047CDF8 /* Medium@2x.png in Resources */,
				3A37B885249C00DC0047CDF8 /* Medium@3x.png in Resources */,
				3A3F8FB8244DB13D00304489 /* UI_Confirm.mp3 in Resources */,
				3A5A3E8E2420180500190CFE /* Preview Assets.xcassets in Resources */,
				3A5A3E8B2420180500190CFE /* Assets.xcassets in Resources */,
			);
			runOnlyForDeploymentPostprocessing = 0;
		};
		3A5A3E952420180500190CFE /* Resources */ = {
			isa = PBXResourcesBuildPhase;
			buildActionMask = 2147483647;
			files = (
			);
			runOnlyForDeploymentPostprocessing = 0;
		};
/* End PBXResourcesBuildPhase section */

/* Begin PBXSourcesBuildPhase section */
		3A5A3E7D2420180100190CFE /* Sources */ = {
			isa = PBXSourcesBuildPhase;
			buildActionMask = 2147483647;
			files = (
				3A805023245019E2001471F4 /* Audio.swift in Sources */,
				3A37B85E249A9D8A0047CDF8 /* PulsateMultipleView.swift in Sources */,
				3ABC8223244F96C100A1050C /* TextToSpeak.swift in Sources */,
				3AFDC105247F920E00AC2534 /* StopButtonView.swift in Sources */,
				3A9C06EE24276FA800E7849F /* ProgressCircleView.swift in Sources */,
				3A37B860249A9DF30047CDF8 /* PulsateAnimationView.swift in Sources */,
				3ADF49E924240C21002C94BC /* ViewState.swift in Sources */,
				3A37B85C249A9C930047CDF8 /* PulsateView.swift in Sources */,
				3A7DC2A324444CAD0057874B /* SquareDot.swift in Sources */,
				3AFDC1092486800C00AC2534 /* ForceAnimationView.swift in Sources */,
				3ADF49E724240A34002C94BC /* IdleView.swift in Sources */,
				3A5A3E852420180100190CFE /* AppDelegate.swift in Sources */,
				3AB436EA244D7AD300460F0A /* DotsView.swift in Sources */,
				3A5A3E872420180100190CFE /* SceneDelegate.swift in Sources */,
				3A9C06F224289A3600E7849F /* PlaySound.swift in Sources */,
				3AFDC101247F91B200AC2534 /* PlayButtonView.swift in Sources */,
				3A2675022493772200D197AC /* RunningIndicatorView.swift in Sources */,
				3ABC821D244F0A5800A1050C /* PreferenceUIHostingController.swift in Sources */,
				3AB436EC244D7B0500460F0A /* GridStack.swift in Sources */,
				3A2DAFE524516FDB00F28608 /* SettingsView.swift in Sources */,
				3A5A3E892420180100190CFE /* ContentView.swift in Sources */,
				3AFDF0572421055F0021A009 /* EggsViewController.swift in Sources */,
				3AE5107D2460B13D00C10CC8 /* Countdown.swift in Sources */,
				3AA89F722448322F001C6817 /* TitleView.swift in Sources */,
				3AFDC1072480E9D700AC2534 /* SettingsStore.swift in Sources */,
				3A37B862249AA8670047CDF8 /* ScanningView.swift in Sources */,
				3A1CE6D22424115D0050A396 /* RunningView.swift in Sources */,
				3A1280A124902F2500D55B82 /* SettingsTriggerView.swift in Sources */,
				3A2675042493787600D197AC /* TicksView.swift in Sources */,
				3A7FC283244CE89F000DA903 /* ArcView.swift in Sources */,
				3AB436E8244D79BD00460F0A /* BackgroundView.swift in Sources */,
				3ADF49EC24240F2F002C94BC /* ChooseView.swift in Sources */,
			);
			runOnlyForDeploymentPostprocessing = 0;
		};
		3A5A3E932420180500190CFE /* Sources */ = {
			isa = PBXSourcesBuildPhase;
			buildActionMask = 2147483647;
			files = (
				3A5A3E9C2420180500190CFE /* perfeggsTests.swift in Sources */,
			);
			runOnlyForDeploymentPostprocessing = 0;
		};
/* End PBXSourcesBuildPhase section */

/* Begin PBXTargetDependency section */
		3A5A3E992420180500190CFE /* PBXTargetDependency */ = {
			isa = PBXTargetDependency;
			target = 3A5A3E802420180100190CFE /* perfeggs */;
			targetProxy = 3A5A3E982420180500190CFE /* PBXContainerItemProxy */;
		};
/* End PBXTargetDependency section */

/* Begin PBXVariantGroup section */
		3A5A3E8F2420180500190CFE /* LaunchScreen.storyboard */ = {
			isa = PBXVariantGroup;
			children = (
				3A5A3E902420180500190CFE /* Base */,
			);
			name = LaunchScreen.storyboard;
			sourceTree = "<group>";
		};
/* End PBXVariantGroup section */

/* Begin XCBuildConfiguration section */
		3A5A3E9E2420180500190CFE /* Debug */ = {
			isa = XCBuildConfiguration;
			buildSettings = {
				ALWAYS_SEARCH_USER_PATHS = NO;
				CLANG_ANALYZER_NONNULL = YES;
				CLANG_ANALYZER_NUMBER_OBJECT_CONVERSION = YES_AGGRESSIVE;
				CLANG_CXX_LANGUAGE_STANDARD = "gnu++14";
				CLANG_CXX_LIBRARY = "libc++";
				CLANG_ENABLE_MODULES = YES;
				CLANG_ENABLE_OBJC_ARC = YES;
				CLANG_ENABLE_OBJC_WEAK = YES;
				CLANG_WARN_BLOCK_CAPTURE_AUTORELEASING = YES;
				CLANG_WARN_BOOL_CONVERSION = YES;
				CLANG_WARN_COMMA = YES;
				CLANG_WARN_CONSTANT_CONVERSION = YES;
				CLANG_WARN_DEPRECATED_OBJC_IMPLEMENTATIONS = YES;
				CLANG_WARN_DIRECT_OBJC_ISA_USAGE = YES_ERROR;
				CLANG_WARN_DOCUMENTATION_COMMENTS = YES;
				CLANG_WARN_EMPTY_BODY = YES;
				CLANG_WARN_ENUM_CONVERSION = YES;
				CLANG_WARN_INFINITE_RECURSION = YES;
				CLANG_WARN_INT_CONVERSION = YES;
				CLANG_WARN_NON_LITERAL_NULL_CONVERSION = YES;
				CLANG_WARN_OBJC_IMPLICIT_RETAIN_SELF = YES;
				CLANG_WARN_OBJC_LITERAL_CONVERSION = YES;
				CLANG_WARN_OBJC_ROOT_CLASS = YES_ERROR;
				CLANG_WARN_RANGE_LOOP_ANALYSIS = YES;
				CLANG_WARN_STRICT_PROTOTYPES = YES;
				CLANG_WARN_SUSPICIOUS_MOVE = YES;
				CLANG_WARN_UNGUARDED_AVAILABILITY = YES_AGGRESSIVE;
				CLANG_WARN_UNREACHABLE_CODE = YES;
				CLANG_WARN__DUPLICATE_METHOD_MATCH = YES;
				COPY_PHASE_STRIP = NO;
				DEBUG_INFORMATION_FORMAT = dwarf;
				ENABLE_STRICT_OBJC_MSGSEND = YES;
				ENABLE_TESTABILITY = YES;
				GCC_C_LANGUAGE_STANDARD = gnu11;
				GCC_DYNAMIC_NO_PIC = NO;
				GCC_NO_COMMON_BLOCKS = YES;
				GCC_OPTIMIZATION_LEVEL = 0;
				GCC_PREPROCESSOR_DEFINITIONS = (
					"DEBUG=1",
					"$(inherited)",
				);
				GCC_WARN_64_TO_32_BIT_CONVERSION = YES;
				GCC_WARN_ABOUT_RETURN_TYPE = YES_ERROR;
				GCC_WARN_UNDECLARED_SELECTOR = YES;
				GCC_WARN_UNINITIALIZED_AUTOS = YES_AGGRESSIVE;
				GCC_WARN_UNUSED_FUNCTION = YES;
				GCC_WARN_UNUSED_VARIABLE = YES;
				IPHONEOS_DEPLOYMENT_TARGET = 13.2;
				MTL_ENABLE_DEBUG_INFO = INCLUDE_SOURCE;
				MTL_FAST_MATH = YES;
				ONLY_ACTIVE_ARCH = YES;
				SDKROOT = iphoneos;
				SWIFT_ACTIVE_COMPILATION_CONDITIONS = DEBUG;
				SWIFT_OPTIMIZATION_LEVEL = "-Onone";
			};
			name = Debug;
		};
		3A5A3E9F2420180500190CFE /* Release */ = {
			isa = XCBuildConfiguration;
			buildSettings = {
				ALWAYS_SEARCH_USER_PATHS = NO;
				CLANG_ANALYZER_NONNULL = YES;
				CLANG_ANALYZER_NUMBER_OBJECT_CONVERSION = YES_AGGRESSIVE;
				CLANG_CXX_LANGUAGE_STANDARD = "gnu++14";
				CLANG_CXX_LIBRARY = "libc++";
				CLANG_ENABLE_MODULES = YES;
				CLANG_ENABLE_OBJC_ARC = YES;
				CLANG_ENABLE_OBJC_WEAK = YES;
				CLANG_WARN_BLOCK_CAPTURE_AUTORELEASING = YES;
				CLANG_WARN_BOOL_CONVERSION = YES;
				CLANG_WARN_COMMA = YES;
				CLANG_WARN_CONSTANT_CONVERSION = YES;
				CLANG_WARN_DEPRECATED_OBJC_IMPLEMENTATIONS = YES;
				CLANG_WARN_DIRECT_OBJC_ISA_USAGE = YES_ERROR;
				CLANG_WARN_DOCUMENTATION_COMMENTS = YES;
				CLANG_WARN_EMPTY_BODY = YES;
				CLANG_WARN_ENUM_CONVERSION = YES;
				CLANG_WARN_INFINITE_RECURSION = YES;
				CLANG_WARN_INT_CONVERSION = YES;
				CLANG_WARN_NON_LITERAL_NULL_CONVERSION = YES;
				CLANG_WARN_OBJC_IMPLICIT_RETAIN_SELF = YES;
				CLANG_WARN_OBJC_LITERAL_CONVERSION = YES;
				CLANG_WARN_OBJC_ROOT_CLASS = YES_ERROR;
				CLANG_WARN_RANGE_LOOP_ANALYSIS = YES;
				CLANG_WARN_STRICT_PROTOTYPES = YES;
				CLANG_WARN_SUSPICIOUS_MOVE = YES;
				CLANG_WARN_UNGUARDED_AVAILABILITY = YES_AGGRESSIVE;
				CLANG_WARN_UNREACHABLE_CODE = YES;
				CLANG_WARN__DUPLICATE_METHOD_MATCH = YES;
				COPY_PHASE_STRIP = NO;
				DEBUG_INFORMATION_FORMAT = "dwarf-with-dsym";
				ENABLE_NS_ASSERTIONS = NO;
				ENABLE_STRICT_OBJC_MSGSEND = YES;
				GCC_C_LANGUAGE_STANDARD = gnu11;
				GCC_NO_COMMON_BLOCKS = YES;
				GCC_WARN_64_TO_32_BIT_CONVERSION = YES;
				GCC_WARN_ABOUT_RETURN_TYPE = YES_ERROR;
				GCC_WARN_UNDECLARED_SELECTOR = YES;
				GCC_WARN_UNINITIALIZED_AUTOS = YES_AGGRESSIVE;
				GCC_WARN_UNUSED_FUNCTION = YES;
				GCC_WARN_UNUSED_VARIABLE = YES;
				IPHONEOS_DEPLOYMENT_TARGET = 13.2;
				MTL_ENABLE_DEBUG_INFO = NO;
				MTL_FAST_MATH = YES;
				SDKROOT = iphoneos;
				SWIFT_COMPILATION_MODE = wholemodule;
				SWIFT_OPTIMIZATION_LEVEL = "-O";
				VALIDATE_PRODUCT = YES;
			};
			name = Release;
		};
		3A5A3EA12420180500190CFE /* Debug */ = {
			isa = XCBuildConfiguration;
			buildSettings = {
				ASSETCATALOG_COMPILER_APPICON_NAME = AppIcon;
				CODE_SIGN_STYLE = Automatic;
				CURRENT_PROJECT_VERSION = 4;
				DEVELOPMENT_ASSET_PATHS = "\"perfeggs/Preview Content\"";
				DEVELOPMENT_TEAM = 72453LZU7L;
				ENABLE_PREVIEWS = YES;
				INFOPLIST_FILE = perfeggs/Info.plist;
				LD_RUNPATH_SEARCH_PATHS = (
					"$(inherited)",
					"@executable_path/Frameworks",
				);
				PRODUCT_BUNDLE_IDENTIFIER = com.bjeld.apps.perfeggs;
				PRODUCT_NAME = Perfeggs;
				SWIFT_VERSION = 5.0;
				TARGETED_DEVICE_FAMILY = 1;
			};
			name = Debug;
		};
		3A5A3EA22420180500190CFE /* Release */ = {
			isa = XCBuildConfiguration;
			buildSettings = {
				ASSETCATALOG_COMPILER_APPICON_NAME = AppIcon;
				CODE_SIGN_STYLE = Automatic;
				CURRENT_PROJECT_VERSION = 4;
				DEVELOPMENT_ASSET_PATHS = "\"perfeggs/Preview Content\"";
				DEVELOPMENT_TEAM = 72453LZU7L;
				ENABLE_PREVIEWS = YES;
				INFOPLIST_FILE = perfeggs/Info.plist;
				LD_RUNPATH_SEARCH_PATHS = (
					"$(inherited)",
					"@executable_path/Frameworks",
				);
				PRODUCT_BUNDLE_IDENTIFIER = com.bjeld.apps.perfeggs;
				PRODUCT_NAME = Perfeggs;
				SWIFT_VERSION = 5.0;
				TARGETED_DEVICE_FAMILY = 1;
			};
			name = Release;
		};
		3A5A3EA42420180500190CFE /* Debug */ = {
			isa = XCBuildConfiguration;
			buildSettings = {
				ALWAYS_EMBED_SWIFT_STANDARD_LIBRARIES = YES;
				BUNDLE_LOADER = "$(TEST_HOST)";
				CODE_SIGN_STYLE = Automatic;
				DEVELOPMENT_TEAM = 72453LZU7L;
				INFOPLIST_FILE = perfeggsTests/Info.plist;
				IPHONEOS_DEPLOYMENT_TARGET = 13.2;
				LD_RUNPATH_SEARCH_PATHS = (
					"$(inherited)",
					"@executable_path/Frameworks",
					"@loader_path/Frameworks",
				);
				PRODUCT_BUNDLE_IDENTIFIER = com.bjeld.apps.perfeggsTests;
				PRODUCT_NAME = "$(TARGET_NAME)";
				SWIFT_VERSION = 5.0;
				TARGETED_DEVICE_FAMILY = "1,2";
				TEST_HOST = "$(BUILT_PRODUCTS_DIR)/perfeggs.app/perfeggs";
			};
			name = Debug;
		};
		3A5A3EA52420180500190CFE /* Release */ = {
			isa = XCBuildConfiguration;
			buildSettings = {
				ALWAYS_EMBED_SWIFT_STANDARD_LIBRARIES = YES;
				BUNDLE_LOADER = "$(TEST_HOST)";
				CODE_SIGN_STYLE = Automatic;
				DEVELOPMENT_TEAM = 72453LZU7L;
				INFOPLIST_FILE = perfeggsTests/Info.plist;
				IPHONEOS_DEPLOYMENT_TARGET = 13.2;
				LD_RUNPATH_SEARCH_PATHS = (
					"$(inherited)",
					"@executable_path/Frameworks",
					"@loader_path/Frameworks",
				);
				PRODUCT_BUNDLE_IDENTIFIER = com.bjeld.apps.perfeggsTests;
				PRODUCT_NAME = "$(TARGET_NAME)";
				SWIFT_VERSION = 5.0;
				TARGETED_DEVICE_FAMILY = "1,2";
				TEST_HOST = "$(BUILT_PRODUCTS_DIR)/perfeggs.app/perfeggs";
			};
			name = Release;
		};
/* End XCBuildConfiguration section */

/* Begin XCConfigurationList section */
		3A5A3E7C2420180100190CFE /* Build configuration list for PBXProject "perfeggs" */ = {
			isa = XCConfigurationList;
			buildConfigurations = (
				3A5A3E9E2420180500190CFE /* Debug */,
				3A5A3E9F2420180500190CFE /* Release */,
			);
			defaultConfigurationIsVisible = 0;
			defaultConfigurationName = Release;
		};
		3A5A3EA02420180500190CFE /* Build configuration list for PBXNativeTarget "perfeggs" */ = {
			isa = XCConfigurationList;
			buildConfigurations = (
				3A5A3EA12420180500190CFE /* Debug */,
				3A5A3EA22420180500190CFE /* Release */,
			);
			defaultConfigurationIsVisible = 0;
			defaultConfigurationName = Release;
		};
		3A5A3EA32420180500190CFE /* Build configuration list for PBXNativeTarget "perfeggsTests" */ = {
			isa = XCConfigurationList;
			buildConfigurations = (
				3A5A3EA42420180500190CFE /* Debug */,
				3A5A3EA52420180500190CFE /* Release */,
			);
			defaultConfigurationIsVisible = 0;
			defaultConfigurationName = Release;
		};
/* End XCConfigurationList section */
	};
	rootObject = 3A5A3E792420180100190CFE /* Project object */;
}
